
Microsoft Visual Studio Solution File, Format Version 12.00
# Visual Studio 15
VisualStudioVersion = 15.0.27130.2024
MinimumVisualStudioVersion = 10.0.40219.1
Project("{FAE04EC0-301F-11D3-BF4B-00C04F79EFBC}") = "GitHubConsoleApp", "GitHubConsoleApp\GitHubConsoleApp.csproj", "{DFD03EBB-39A6-4C4E-9E37-A9BA57EA180C}"
EndProject
Global
	GlobalSection(SolutionConfigurationPlatforms) = preSolution
		Debug|Any CPU = Debug|Any CPU
		Release|Any CPU = Release|Any CPU
	EndGlobalSection
	GlobalSection(ProjectConfigurationPlatforms) = postSolution
		{DFD03EBB-39A6-4C4E-9E37-A9BA57EA180C}.Debug|Any CPU.ActiveCfg = Debug|Any CPU
		{DFD03EBB-39A6-4C4E-9E37-A9BA57EA180C}.Debug|Any CPU.Build.0 = Debug|Any CPU
		{DFD03EBB-39A6-4C4E-9E37-A9BA57EA180C}.Release|Any CPU.ActiveCfg = Release|Any CPU
		{DFD03EBB-39A6-4C4E-9E37-A9BA57EA180C}.Release|Any CPU.Build.0 = Release|Any CPU
	EndGlobalSection
	GlobalSection(SolutionProperties) = preSolution
		HideSolutionNode = FALSE
	EndGlobalSection
	GlobalSection(ExtensibilityGlobals) = postSolution
		SolutionGuid = {822A048D-B26C-44FB-9ACB-AD06A7F9641C}
	EndGlobalSection
EndGlobal
